{
    "_readme": [
        "This file locks the dependencies of your project to a known state",
        "Read more about it at https://getcomposer.org/doc/01-basic-usage.md#composer-lock-the-lock-file",
        "This file is @generated automatically"
    ],
    "content-hash": "63f31aa0dd5379f028befe68372a5395",
    "packages": [
        {
            "name": "atico/spreadsheet-translator-core",
            "version": "dev-master",
            "dist": {
                "type": "path",
                "url": "../../Core",
                "reference": "55b541d0772670cbd9d521397f8210b6b9a94a3f",
                "shasum": null
            },
            "require": {
                "php": ">=5.5.9"
            },
            "type": "library",
            "autoload": {
                "psr-4": {
                    "Atico\\SpreadsheetTranslator\\Core\\": "./src"
                }
            },
            "license": [
                "MIT"
            ],
            "authors": [
                {
                    "name": "Samuel Vicent",
                    "email": "samuelvicent@gmail.com"
                }
            ],
            "description": "Spreadsheet Translator - Core Module",
            "homepage": "https://github.com/samuelvi/spreadsheet-translator-core",
            "keywords": [
                "spreadsheet translations core module"
            ],
            "transport-options": {
                "symlink": true
            }
        }
    ],
    "packages-dev": [],
    "aliases": [],
    "minimum-stability": "stable",
    "stability-flags": {
        "atico/spreadsheet-translator-core": 20
    },
    "prefer-stable": false,
    "prefer-lowest": false,
    "platform": {
        "php": ">=5.5.9"
    },
    "platform-dev": []
}
